
Microsoft Visual Studio Solution File, Format Version 12.00
# Visual Studio Version 16
VisualStudioVersion = 16.0.31205.134
MinimumVisualStudioVersion = 10.0.40219.1
Project("{FAE04EC0-301F-11D3-BF4B-00C04F79EFBC}") = "gRPC.Service", "gRPC.Service\gRPC.Service.csproj", "{15FFC2DB-C1F4-4ABE-8243-84A2AF130507}"
EndProject
Project("{FAE04EC0-301F-11D3-BF4B-00C04F79EFBC}") = "gRPC.UI", "gRPC.UI\gRPC.UI.csproj", "{D4E7B60F-87F2-43E0-9A98-77097BCEA563}"
EndProject
Global
	GlobalSection(SolutionConfigurationPlatforms) = preSolution
		Debug|Any CPU = Debug|Any CPU
		Release|Any CPU = Release|Any CPU
	EndGlobalSection
	GlobalSection(ProjectConfigurationPlatforms) = postSolution
		{15FFC2DB-C1F4-4ABE-8243-84A2AF130507}.Debug|Any CPU.ActiveCfg = Debug|Any CPU
		{15FFC2DB-C1F4-4ABE-8243-84A2AF130507}.Debug|Any CPU.Build.0 = Debug|Any CPU
		{15FFC2DB-C1F4-4ABE-8243-84A2AF130507}.Release|Any CPU.ActiveCfg = Release|Any CPU
		{15FFC2DB-C1F4-4ABE-8243-84A2AF130507}.Release|Any CPU.Build.0 = Release|Any CPU
		{D4E7B60F-87F2-43E0-9A98-77097BCEA563}.Debug|Any CPU.ActiveCfg = Debug|Any CPU
		{D4E7B60F-87F2-43E0-9A98-77097BCEA563}.Debug|Any CPU.Build.0 = Debug|Any CPU
		{D4E7B60F-87F2-43E0-9A98-77097BCEA563}.Release|Any CPU.ActiveCfg = Release|Any CPU
		{D4E7B60F-87F2-43E0-9A98-77097BCEA563}.Release|Any CPU.Build.0 = Release|Any CPU
	EndGlobalSection
	GlobalSection(SolutionProperties) = preSolution
		HideSolutionNode = FALSE
	EndGlobalSection
	GlobalSection(ExtensibilityGlobals) = postSolution
		SolutionGuid = {A824731F-C5CE-43C5-BE20-18AE2FFCA4EF}
	EndGlobalSection
EndGlobal
